# This file is automatically @generated by Cargo.
# It is not intended for manual editing.
[[package]]
name = "base"
version = "0.1.0"
source = "git+https://github.com/thmadong/test-rust-a.git#6f9c86a7566a2f90b15d4b386d29acb3d9990124"

[[package]]
name = "test-rust"
version = "0.1.0"
dependencies = [
 "base",
]
